
Microsoft Visual Studio Solution File, Format Version 12.00
# Visual Studio Version 16
VisualStudioVersion = 16.0.31702.278
MinimumVisualStudioVersion = 10.0.40219.1
Project("{9A19103F-16F7-4668-BE54-9A1E7A4F7556}") = "U5CDCG_HFT_2021221.Client", "U5CDCG_HFT_2021221.Client\U5CDCG_HFT_2021221.Client.csproj", "{D568E86E-5974-44EC-B70B-9AFC9979CD2E}"
EndProject
Project("{9A19103F-16F7-4668-BE54-9A1E7A4F7556}") = "U5CDCG_HFT_2021221.Data", "U5CDCG_HFT_2021221.Data\U5CDCG_HFT_2021221.Data.csproj", "{55C846DD-DDBA-42CD-8D36-BF1C6F94BECF}"
EndProject
Project("{9A19103F-16F7-4668-BE54-9A1E7A4F7556}") = "U5CDCG_HFT_2021221.Models", "U5CDCG_HFT_2021221.Models\U5CDCG_HFT_2021221.Models.csproj", "{95110CC9-6B72-4340-BE3B-7F8CD4BDD635}"
EndProject
Project("{9A19103F-16F7-4668-BE54-9A1E7A4F7556}") = "U5CDCG_HFT_2021221.Logic", "U5CDCG_HFT_2021221.Logic\U5CDCG_HFT_2021221.Logic.csproj", "{81F7BFEA-6B68-4FBE-8AEA-5C8B8704FBFC}"
EndProject
Project("{9A19103F-16F7-4668-BE54-9A1E7A4F7556}") = "U5CDCG_HFT_2021221.Repository", "U5CDCG_HFT_2021221.Repository\U5CDCG_HFT_2021221.Repository.csproj", "{80F00C67-FFAF-4BB5-955C-8649E438902F}"
EndProject
Project("{9A19103F-16F7-4668-BE54-9A1E7A4F7556}") = "U5CDCG_HFT_2021221.Test", "U5CDCG_HFT_2021221.Test\U5CDCG_HFT_2021221.Test.csproj", "{9722662F-E788-4239-8C72-0A5D22F0CEBF}"
EndProject
Project("{9A19103F-16F7-4668-BE54-9A1E7A4F7556}") = "U5CDCG_HFT_2021221.Endpoint", "U5CDCG_HFT_2021221.Endpoint\U5CDCG_HFT_2021221.Endpoint.csproj", "{A1EDD7BD-B626-45CA-B8CF-D692634282F3}"
EndProject
Project("{2150E333-8FDC-42A3-9474-1A3956D46DE8}") = "Backend", "Backend", "{90CCBAA2-C34C-4ABA-95D6-80B0B44BE219}"
EndProject
Project("{2150E333-8FDC-42A3-9474-1A3956D46DE8}") = "Frontend", "Frontend", "{1B7245F6-3951-4BF9-9449-E223F24F6D4F}"
EndProject
Project("{2150E333-8FDC-42A3-9474-1A3956D46DE8}") = "Shared", "Shared", "{E6F13EB3-A36B-4945-8590-0A88184F15BE}"
EndProject
Project("{2150E333-8FDC-42A3-9474-1A3956D46DE8}") = "Others", "Others", "{3066ADC7-A25F-4CA0-8021-356399498C12}"
	ProjectSection(SolutionItems) = preProject
		.gitignore = .gitignore
	EndProjectSection
EndProject
Global
	GlobalSection(SolutionConfigurationPlatforms) = preSolution
		Debug|Any CPU = Debug|Any CPU
		Release|Any CPU = Release|Any CPU
	EndGlobalSection
	GlobalSection(ProjectConfigurationPlatforms) = postSolution
		{D568E86E-5974-44EC-B70B-9AFC9979CD2E}.Debug|Any CPU.ActiveCfg = Debug|Any CPU
		{D568E86E-5974-44EC-B70B-9AFC9979CD2E}.Debug|Any CPU.Build.0 = Debug|Any CPU
		{D568E86E-5974-44EC-B70B-9AFC9979CD2E}.Release|Any CPU.ActiveCfg = Release|Any CPU
		{D568E86E-5974-44EC-B70B-9AFC9979CD2E}.Release|Any CPU.Build.0 = Release|Any CPU
		{55C846DD-DDBA-42CD-8D36-BF1C6F94BECF}.Debug|Any CPU.ActiveCfg = Debug|Any CPU
		{55C846DD-DDBA-42CD-8D36-BF1C6F94BECF}.Debug|Any CPU.Build.0 = Debug|Any CPU
		{55C846DD-DDBA-42CD-8D36-BF1C6F94BECF}.Release|Any CPU.ActiveCfg = Release|Any CPU
		{55C846DD-DDBA-42CD-8D36-BF1C6F94BECF}.Release|Any CPU.Build.0 = Release|Any CPU
		{95110CC9-6B72-4340-BE3B-7F8CD4BDD635}.Debug|Any CPU.ActiveCfg = Debug|Any CPU
		{95110CC9-6B72-4340-BE3B-7F8CD4BDD635}.Debug|Any CPU.Build.0 = Debug|Any CPU
		{95110CC9-6B72-4340-BE3B-7F8CD4BDD635}.Release|Any CPU.ActiveCfg = Release|Any CPU
		{95110CC9-6B72-4340-BE3B-7F8CD4BDD635}.Release|Any CPU.Build.0 = Release|Any CPU
		{81F7BFEA-6B68-4FBE-8AEA-5C8B8704FBFC}.Debug|Any CPU.ActiveCfg = Debug|Any CPU
		{81F7BFEA-6B68-4FBE-8AEA-5C8B8704FBFC}.Debug|Any CPU.Build.0 = Debug|Any CPU
		{81F7BFEA-6B68-4FBE-8AEA-5C8B8704FBFC}.Release|Any CPU.ActiveCfg = Release|Any CPU
		{81F7BFEA-6B68-4FBE-8AEA-5C8B8704FBFC}.Release|Any CPU.Build.0 = Release|Any CPU
		{80F00C67-FFAF-4BB5-955C-8649E438902F}.Debug|Any CPU.ActiveCfg = Debug|Any CPU
		{80F00C67-FFAF-4BB5-955C-8649E438902F}.Debug|Any CPU.Build.0 = Debug|Any CPU
		{80F00C67-FFAF-4BB5-955C-8649E438902F}.Release|Any CPU.ActiveCfg = Release|Any CPU
		{80F00C67-FFAF-4BB5-955C-8649E438902F}.Release|Any CPU.Build.0 = Release|Any CPU
		{9722662F-E788-4239-8C72-0A5D22F0CEBF}.Debug|Any CPU.ActiveCfg = Debug|Any CPU
		{9722662F-E788-4239-8C72-0A5D22F0CEBF}.Debug|Any CPU.Build.0 = Debug|Any CPU
		{9722662F-E788-4239-8C72-0A5D22F0CEBF}.Release|Any CPU.ActiveCfg = Release|Any CPU
		{9722662F-E788-4239-8C72-0A5D22F0CEBF}.Release|Any CPU.Build.0 = Release|Any CPU
		{A1EDD7BD-B626-45CA-B8CF-D692634282F3}.Debug|Any CPU.ActiveCfg = Debug|Any CPU
		{A1EDD7BD-B626-45CA-B8CF-D692634282F3}.Debug|Any CPU.Build.0 = Debug|Any CPU
		{A1EDD7BD-B626-45CA-B8CF-D692634282F3}.Release|Any CPU.ActiveCfg = Release|Any CPU
		{A1EDD7BD-B626-45CA-B8CF-D692634282F3}.Release|Any CPU.Build.0 = Release|Any CPU
	EndGlobalSection
	GlobalSection(SolutionProperties) = preSolution
		HideSolutionNode = FALSE
	EndGlobalSection
	GlobalSection(NestedProjects) = preSolution
		{D568E86E-5974-44EC-B70B-9AFC9979CD2E} = {1B7245F6-3951-4BF9-9449-E223F24F6D4F}
		{55C846DD-DDBA-42CD-8D36-BF1C6F94BECF} = {90CCBAA2-C34C-4ABA-95D6-80B0B44BE219}
		{95110CC9-6B72-4340-BE3B-7F8CD4BDD635} = {E6F13EB3-A36B-4945-8590-0A88184F15BE}
		{81F7BFEA-6B68-4FBE-8AEA-5C8B8704FBFC} = {90CCBAA2-C34C-4ABA-95D6-80B0B44BE219}
		{80F00C67-FFAF-4BB5-955C-8649E438902F} = {90CCBAA2-C34C-4ABA-95D6-80B0B44BE219}
		{9722662F-E788-4239-8C72-0A5D22F0CEBF} = {90CCBAA2-C34C-4ABA-95D6-80B0B44BE219}
		{A1EDD7BD-B626-45CA-B8CF-D692634282F3} = {90CCBAA2-C34C-4ABA-95D6-80B0B44BE219}
	EndGlobalSection
	GlobalSection(ExtensibilityGlobals) = postSolution
		SolutionGuid = {3595BC48-5D7C-4C9B-B422-C791F0A4D764}
	EndGlobalSection
EndGlobal
